
Microsoft Visual Studio Solution File, Format Version 12.00
# Visual Studio Version 17
VisualStudioVersion = 17.6.33723.286
MinimumVisualStudioVersion = 10.0.40219.1
Project("{FAE04EC0-301F-11D3-BF4B-00C04F79EFBC}") = "CitiesManager.WEBAPI", "CitiesManager.WEBAPI\CitiesManager.WEBAPI.csproj", "{A6F97C48-3921-4FD4-8F86-BE9A2E15D48A}"
EndProject
Global
	GlobalSection(SolutionConfigurationPlatforms) = preSolution
		Debug|Any CPU = Debug|Any CPU
		Release|Any CPU = Release|Any CPU
	EndGlobalSection
	GlobalSection(ProjectConfigurationPlatforms) = postSolution
		{A6F97C48-3921-4FD4-8F86-BE9A2E15D48A}.Debug|Any CPU.ActiveCfg = Debug|Any CPU
		{A6F97C48-3921-4FD4-8F86-BE9A2E15D48A}.Debug|Any CPU.Build.0 = Debug|Any CPU
		{A6F97C48-3921-4FD4-8F86-BE9A2E15D48A}.Release|Any CPU.ActiveCfg = Release|Any CPU
		{A6F97C48-3921-4FD4-8F86-BE9A2E15D48A}.Release|Any CPU.Build.0 = Release|Any CPU
	EndGlobalSection
	GlobalSection(SolutionProperties) = preSolution
		HideSolutionNode = FALSE
	EndGlobalSection
	GlobalSection(ExtensibilityGlobals) = postSolution
		SolutionGuid = {2995D272-C89D-4C66-87BE-3B6A59E02F32}
	EndGlobalSection
EndGlobal
